
Microsoft Visual Studio Solution File, Format Version 12.00
# Visual Studio Version 17
VisualStudioVersion = 17.2.32519.379
MinimumVisualStudioVersion = 10.0.40219.1
Project("{FAE04EC0-301F-11D3-BF4B-00C04F79EFBC}") = "InternetShopWPF", "InternetShopWPF.csproj", "{315240F5-4371-4B28-84D2-B3A8CCC1BCAD}"
EndProject
Global
	GlobalSection(SolutionConfigurationPlatforms) = preSolution
		Debug|Any CPU = Debug|Any CPU
		Release|Any CPU = Release|Any CPU
	EndGlobalSection
	GlobalSection(ProjectConfigurationPlatforms) = postSolution
		{315240F5-4371-4B28-84D2-B3A8CCC1BCAD}.Debug|Any CPU.ActiveCfg = Debug|Any CPU
		{315240F5-4371-4B28-84D2-B3A8CCC1BCAD}.Debug|Any CPU.Build.0 = Debug|Any CPU
		{315240F5-4371-4B28-84D2-B3A8CCC1BCAD}.Release|Any CPU.ActiveCfg = Release|Any CPU
		{315240F5-4371-4B28-84D2-B3A8CCC1BCAD}.Release|Any CPU.Build.0 = Release|Any CPU
	EndGlobalSection
	GlobalSection(SolutionProperties) = preSolution
		HideSolutionNode = FALSE
	EndGlobalSection
	GlobalSection(ExtensibilityGlobals) = postSolution
		SolutionGuid = {E9A19928-EFD8-4F58-8F4A-D2CFC236B423}
	EndGlobalSection
EndGlobal
